
Microsoft Visual Studio Solution File, Format Version 12.00
# Visual Studio Version 17
VisualStudioVersion = 17.9.34607.119
MinimumVisualStudioVersion = 10.0.40219.1
Project("{FAE04EC0-301F-11D3-BF4B-00C04F79EFBC}") = "WebAPICrud", "WebAPICrud\WebAPICrud.csproj", "{83BE85BA-5175-4B30-A0F5-206B4B94DA90}"
EndProject
Global
	GlobalSection(SolutionConfigurationPlatforms) = preSolution
		Debug|Any CPU = Debug|Any CPU
		Release|Any CPU = Release|Any CPU
	EndGlobalSection
	GlobalSection(ProjectConfigurationPlatforms) = postSolution
		{83BE85BA-5175-4B30-A0F5-206B4B94DA90}.Debug|Any CPU.ActiveCfg = Debug|Any CPU
		{83BE85BA-5175-4B30-A0F5-206B4B94DA90}.Debug|Any CPU.Build.0 = Debug|Any CPU
		{83BE85BA-5175-4B30-A0F5-206B4B94DA90}.Release|Any CPU.ActiveCfg = Release|Any CPU
		{83BE85BA-5175-4B30-A0F5-206B4B94DA90}.Release|Any CPU.Build.0 = Release|Any CPU
	EndGlobalSection
	GlobalSection(SolutionProperties) = preSolution
		HideSolutionNode = FALSE
	EndGlobalSection
	GlobalSection(ExtensibilityGlobals) = postSolution
		SolutionGuid = {10EDCF34-5AD5-4D63-9631-1B619882B54F}
	EndGlobalSection
EndGlobal
